
Microsoft Visual Studio Solution File, Format Version 12.00
# Visual Studio 15
VisualStudioVersion = 15.0.28307.960
MinimumVisualStudioVersion = 10.0.40219.1
Project("{FAE04EC0-301F-11D3-BF4B-00C04F79EFBC}") = "Senai.InLock.WebApi", "Senai.InLock.WebApi\Senai.InLock.WebApi.csproj", "{692C3E2D-AE56-4453-9487-D1F267C5F38D}"
EndProject
Global
	GlobalSection(SolutionConfigurationPlatforms) = preSolution
		Debug|Any CPU = Debug|Any CPU
		Release|Any CPU = Release|Any CPU
	EndGlobalSection
	GlobalSection(ProjectConfigurationPlatforms) = postSolution
		{692C3E2D-AE56-4453-9487-D1F267C5F38D}.Debug|Any CPU.ActiveCfg = Debug|Any CPU
		{692C3E2D-AE56-4453-9487-D1F267C5F38D}.Debug|Any CPU.Build.0 = Debug|Any CPU
		{692C3E2D-AE56-4453-9487-D1F267C5F38D}.Release|Any CPU.ActiveCfg = Release|Any CPU
		{692C3E2D-AE56-4453-9487-D1F267C5F38D}.Release|Any CPU.Build.0 = Release|Any CPU
	EndGlobalSection
	GlobalSection(SolutionProperties) = preSolution
		HideSolutionNode = FALSE
	EndGlobalSection
	GlobalSection(ExtensibilityGlobals) = postSolution
		SolutionGuid = {D3A02A07-3042-402D-85D8-039ECE850C9C}
	EndGlobalSection
EndGlobal
