
Microsoft Visual Studio Solution File, Format Version 12.00
# Visual Studio Version 16
VisualStudioVersion = 16.0.29806.167
MinimumVisualStudioVersion = 10.0.40219.1
Project("{FAE04EC0-301F-11D3-BF4B-00C04F79EFBC}") = "senai.Peoples.WebApi", "senai.Peoples.WebApi\senai.Peoples.WebApi.csproj", "{9A7CFDDC-40D6-4885-934F-73E17AADD69A}"
EndProject
Global
	GlobalSection(SolutionConfigurationPlatforms) = preSolution
		Debug|Any CPU = Debug|Any CPU
		Release|Any CPU = Release|Any CPU
	EndGlobalSection
	GlobalSection(ProjectConfigurationPlatforms) = postSolution
		{9A7CFDDC-40D6-4885-934F-73E17AADD69A}.Debug|Any CPU.ActiveCfg = Debug|Any CPU
		{9A7CFDDC-40D6-4885-934F-73E17AADD69A}.Debug|Any CPU.Build.0 = Debug|Any CPU
		{9A7CFDDC-40D6-4885-934F-73E17AADD69A}.Release|Any CPU.ActiveCfg = Release|Any CPU
		{9A7CFDDC-40D6-4885-934F-73E17AADD69A}.Release|Any CPU.Build.0 = Release|Any CPU
	EndGlobalSection
	GlobalSection(SolutionProperties) = preSolution
		HideSolutionNode = FALSE
	EndGlobalSection
	GlobalSection(ExtensibilityGlobals) = postSolution
		SolutionGuid = {AA2057E0-5512-4F6D-A2F3-CDE2E8AF5711}
	EndGlobalSection
EndGlobal
